// !$*UTF8*$!
{
	archiveVersion = 1;
	classes = {
	};
	objectVersion = 46;
	objects = {

/* Begin PBXBuildFile section */
		78A3CE4A1DE83C1100DB5630 /* libassimp.dylib in Frameworks */ = {isa = PBXBuildFile; fileRef = 78A3CE481DE837AC00DB5630 /* libassimp.dylib */; };
		78A785351DE7130300156D8D /* SOIL.c in Sources */ = {isa = PBXBuildFile; fileRef = 78A785341DE7130300156D8D /* SOIL.c */; };
		78A785371DE7134900156D8D /* image_DXT.c in Sources */ = {isa = PBXBuildFile; fileRef = 78A785361DE7134900156D8D /* image_DXT.c */; };
		78A785391DE7134D00156D8D /* image_helper.c in Sources */ = {isa = PBXBuildFile; fileRef = 78A785381DE7134D00156D8D /* image_helper.c */; };
		78A7853B1DE7135100156D8D /* stb_image_aug.c in Sources */ = {isa = PBXBuildFile; fileRef = 78A7853A1DE7135100156D8D /* stb_image_aug.c */; };
		78F04C941DD642200059C321 /* Camera.cpp in Sources */ = {isa = PBXBuildFile; fileRef = 78F04C891DD642200059C321 /* Camera.cpp */; };
		78F04C951DD642200059C321 /* GL.cpp in Sources */ = {isa = PBXBuildFile; fileRef = 78F04C8A1DD642200059C321 /* GL.cpp */; };
		78F04C961DD642200059C321 /* main.cpp in Sources */ = {isa = PBXBuildFile; fileRef = 78F04C8B1DD642200059C321 /* main.cpp */; };
		78F04C971DD642200059C321 /* mat4.cpp in Sources */ = {isa = PBXBuildFile; fileRef = 78F04C8C1DD642200059C321 /* mat4.cpp */; };
		78F04C981DD642200059C321 /* Overall.cpp in Sources */ = {isa = PBXBuildFile; fileRef = 78F04C8D1DD642200059C321 /* Overall.cpp */; };
		78F04C991DD642200059C321 /* ShaderProgram.cpp in Sources */ = {isa = PBXBuildFile; fileRef = 78F04C8E1DD642200059C321 /* ShaderProgram.cpp */; };
		78F04C9A1DD642200059C321 /* Texture.cpp in Sources */ = {isa = PBXBuildFile; fileRef = 78F04C8F1DD642200059C321 /* Texture.cpp */; };
		78F04C9B1DD642200059C321 /* uvec3.cpp in Sources */ = {isa = PBXBuildFile; fileRef = 78F04C901DD642200059C321 /* uvec3.cpp */; };
		78F04C9C1DD642200059C321 /* vec2.cpp in Sources */ = {isa = PBXBuildFile; fileRef = 78F04C911DD642200059C321 /* vec2.cpp */; };
		78F04C9D1DD642200059C321 /* vec3.cpp in Sources */ = {isa = PBXBuildFile; fileRef = 78F04C921DD642200059C321 /* vec3.cpp */; };
		78F04C9E1DD642200059C321 /* vec4.cpp in Sources */ = {isa = PBXBuildFile; fileRef = 78F04C931DD642200059C321 /* vec4.cpp */; };
		78F04CA11DD644720059C321 /* GLUT.framework in Frameworks */ = {isa = PBXBuildFile; fileRef = 78F04CA01DD644720059C321 /* GLUT.framework */; };
		78F04CA31DD644790059C321 /* OpenGL.framework in Frameworks */ = {isa = PBXBuildFile; fileRef = 78F04CA21DD644790059C321 /* OpenGL.framework */; };
/* End PBXBuildFile section */

/* Begin PBXCopyFilesBuildPhase section */
		78F04C7D1DD641F40059C321 /* CopyFiles */ = {
			isa = PBXCopyFilesBuildPhase;
			buildActionMask = 2147483647;
			dstPath = /usr/share/man/man1/;
			dstSubfolderSpec = 0;
			files = (
			);
			runOnlyForDeploymentPostprocessing = 1;
		};
/* End PBXCopyFilesBuildPhase section */

/* Begin PBXFileReference section */
		7873843E1DD7D77200ACCA73 /* shaders */ = {isa = PBXFileReference; lastKnownFileType = folder; name = shaders; path = Mashgraph_Task3_OpenGL/bin/shaders; sourceTree = "<group>"; };
		78A3CE481DE837AC00DB5630 /* libassimp.dylib */ = {isa = PBXFileReference; lastKnownFileType = "compiled.mach-o.dylib"; name = libassimp.dylib; path = "Mashgraph_Task3_OpenGL/assimp-3.3.1/lib/libassimp.dylib"; sourceTree = "<group>"; };
		78A4487A1DD724840006C95E /* Camera.h */ = {isa = PBXFileReference; lastKnownFileType = sourcecode.c.h; path = Camera.h; sourceTree = "<group>"; };
		78A4487B1DD724840006C95E /* GL.h */ = {isa = PBXFileReference; lastKnownFileType = sourcecode.c.h; path = GL.h; sourceTree = "<group>"; };
		78A4487C1DD724840006C95E /* mat4.h */ = {isa = PBXFileReference; lastKnownFileType = sourcecode.c.h; path = mat4.h; sourceTree = "<group>"; };
		78A4487D1DD724840006C95E /* Overall.h */ = {isa = PBXFileReference; lastKnownFileType = sourcecode.c.h; path = Overall.h; sourceTree = "<group>"; };
		78A4487E1DD724840006C95E /* ShaderProgram.h */ = {isa = PBXFileReference; lastKnownFileType = sourcecode.c.h; path = ShaderProgram.h; sourceTree = "<group>"; };
		78A4487F1DD724840006C95E /* Texture.h */ = {isa = PBXFileReference; lastKnownFileType = sourcecode.c.h; path = Texture.h; sourceTree = "<group>"; };
		78A448801DD724840006C95E /* Utility.h */ = {isa = PBXFileReference; lastKnownFileType = sourcecode.c.h; path = Utility.h; sourceTree = "<group>"; };
		78A448811DD724840006C95E /* uvec3.h */ = {isa = PBXFileReference; lastKnownFileType = sourcecode.c.h; path = uvec3.h; sourceTree = "<group>"; };
		78A448821DD724840006C95E /* vec2.h */ = {isa = PBXFileReference; lastKnownFileType = sourcecode.c.h; path = vec2.h; sourceTree = "<group>"; };
		78A448831DD724840006C95E /* vec3.h */ = {isa = PBXFileReference; lastKnownFileType = sourcecode.c.h; path = vec3.h; sourceTree = "<group>"; };
		78A448841DD724840006C95E /* vec4.h */ = {isa = PBXFileReference; lastKnownFileType = sourcecode.c.h; path = vec4.h; sourceTree = "<group>"; };
		78A7852D1DE711E400156D8D /* Simple_OpenGL_Image_Library */ = {isa = PBXFileReference; lastKnownFileType = folder; name = Simple_OpenGL_Image_Library; path = Mashgraph_Task3_OpenGL/Simple_OpenGL_Image_Library; sourceTree = "<group>"; };
		78A785301DE712FA00156D8D /* image_DXT.c */ = {isa = PBXFileReference; lastKnownFileType = sourcecode.c.c; name = image_DXT.c; path = Mashgraph_Task3_OpenGL/Simple_OpenGL_Image_Library/src/image_DXT.c; sourceTree = "<group>"; };
		78A785321DE712FF00156D8D /* image_helper.c */ = {isa = PBXFileReference; lastKnownFileType = sourcecode.c.c; name = image_helper.c; path = Mashgraph_Task3_OpenGL/Simple_OpenGL_Image_Library/src/image_helper.c; sourceTree = "<group>"; };
		78A785341DE7130300156D8D /* SOIL.c */ = {isa = PBXFileReference; lastKnownFileType = sourcecode.c.c; name = SOIL.c; path = Mashgraph_Task3_OpenGL/Simple_OpenGL_Image_Library/src/SOIL.c; sourceTree = "<group>"; };
		78A785361DE7134900156D8D /* image_DXT.c */ = {isa = PBXFileReference; lastKnownFileType = sourcecode.c.c; name = image_DXT.c; path = Mashgraph_Task3_OpenGL/Simple_OpenGL_Image_Library/src/image_DXT.c; sourceTree = "<group>"; };
		78A785381DE7134D00156D8D /* image_helper.c */ = {isa = PBXFileReference; lastKnownFileType = sourcecode.c.c; name = image_helper.c; path = Mashgraph_Task3_OpenGL/Simple_OpenGL_Image_Library/src/image_helper.c; sourceTree = "<group>"; };
		78A7853A1DE7135100156D8D /* stb_image_aug.c */ = {isa = PBXFileReference; lastKnownFileType = sourcecode.c.c; name = stb_image_aug.c; path = Mashgraph_Task3_OpenGL/Simple_OpenGL_Image_Library/src/stb_image_aug.c; sourceTree = "<group>"; };
		78A7853C1DE7135500156D8D /* test_SOIL.cpp */ = {isa = PBXFileReference; lastKnownFileType = sourcecode.cpp.cpp; name = test_SOIL.cpp; path = Mashgraph_Task3_OpenGL/Simple_OpenGL_Image_Library/src/test_SOIL.cpp; sourceTree = "<group>"; };
		78A7853E1DE714F300156D8D /* stb_image-1.09.c */ = {isa = PBXFileReference; lastKnownFileType = sourcecode.c.c; name = "stb_image-1.09.c"; path = "Mashgraph_Task3_OpenGL/Simple_OpenGL_Image_Library/src/original/stb_image-1.09.c"; sourceTree = "<group>"; };
		78A785401DE714F800156D8D /* stb_image-1.16.c */ = {isa = PBXFileReference; lastKnownFileType = sourcecode.c.c; name = "stb_image-1.16.c"; path = "Mashgraph_Task3_OpenGL/Simple_OpenGL_Image_Library/src/original/stb_image-1.16.c"; sourceTree = "<group>"; };
		78F04C7F1DD641F40059C321 /* Mashgraph_Task3_OpenGL */ = {isa = PBXFileReference; explicitFileType = "compiled.mach-o.executable"; includeInIndex = 0; path = Mashgraph_Task3_OpenGL; sourceTree = BUILT_PRODUCTS_DIR; };
		78F04C891DD642200059C321 /* Camera.cpp */ = {isa = PBXFileReference; fileEncoding = 4; lastKnownFileType = sourcecode.cpp.cpp; path = Camera.cpp; sourceTree = "<group>"; };
		78F04C8A1DD642200059C321 /* GL.cpp */ = {isa = PBXFileReference; fileEncoding = 4; lastKnownFileType = sourcecode.cpp.cpp; path = GL.cpp; sourceTree = "<group>"; };
		78F04C8B1DD642200059C321 /* main.cpp */ = {isa = PBXFileReference; fileEncoding = 4; lastKnownFileType = sourcecode.cpp.cpp; path = main.cpp; sourceTree = "<group>"; };
		78F04C8C1DD642200059C321 /* mat4.cpp */ = {isa = PBXFileReference; fileEncoding = 4; lastKnownFileType = sourcecode.cpp.cpp; path = mat4.cpp; sourceTree = "<group>"; };
		78F04C8D1DD642200059C321 /* Overall.cpp */ = {isa = PBXFileReference; fileEncoding = 4; lastKnownFileType = sourcecode.cpp.cpp; path = Overall.cpp; sourceTree = "<group>"; };
		78F04C8E1DD642200059C321 /* ShaderProgram.cpp */ = {isa = PBXFileReference; fileEncoding = 4; lastKnownFileType = sourcecode.cpp.cpp; path = ShaderProgram.cpp; sourceTree = "<group>"; };
		78F04C8F1DD642200059C321 /* Texture.cpp */ = {isa = PBXFileReference; fileEncoding = 4; lastKnownFileType = sourcecode.cpp.cpp; path = Texture.cpp; sourceTree = "<group>"; };
		78F04C901DD642200059C321 /* uvec3.cpp */ = {isa = PBXFileReference; fileEncoding = 4; lastKnownFileType = sourcecode.cpp.cpp; path = uvec3.cpp; sourceTree = "<group>"; };
		78F04C911DD642200059C321 /* vec2.cpp */ = {isa = PBXFileReference; fileEncoding = 4; lastKnownFileType = sourcecode.cpp.cpp; path = vec2.cpp; sourceTree = "<group>"; };
		78F04C921DD642200059C321 /* vec3.cpp */ = {isa = PBXFileReference; fileEncoding = 4; lastKnownFileType = sourcecode.cpp.cpp; path = vec3.cpp; sourceTree = "<group>"; };
		78F04C931DD642200059C321 /* vec4.cpp */ = {isa = PBXFileReference; fileEncoding = 4; lastKnownFileType = sourcecode.cpp.cpp; path = vec4.cpp; sourceTree = "<group>"; };
		78F04CA01DD644720059C321 /* GLUT.framework */ = {isa = PBXFileReference; lastKnownFileType = wrapper.framework; name = GLUT.framework; path = System/Library/Frameworks/GLUT.framework; sourceTree = SDKROOT; };
		78F04CA21DD644790059C321 /* OpenGL.framework */ = {isa = PBXFileReference; lastKnownFileType = wrapper.framework; name = OpenGL.framework; path = System/Library/Frameworks/OpenGL.framework; sourceTree = SDKROOT; };
/* End PBXFileReference section */

/* Begin PBXFrameworksBuildPhase section */
		78F04C7C1DD641F40059C321 /* Frameworks */ = {
			isa = PBXFrameworksBuildPhase;
			buildActionMask = 2147483647;
			files = (
				78F04CA31DD644790059C321 /* OpenGL.framework in Frameworks */,
				78F04CA11DD644720059C321 /* GLUT.framework in Frameworks */,
				78A3CE4A1DE83C1100DB5630 /* libassimp.dylib in Frameworks */,
			);
			runOnlyForDeploymentPostprocessing = 0;
		};
/* End PBXFrameworksBuildPhase section */

/* Begin PBXGroup section */
		78A448791DD724600006C95E /* Headers */ = {
			isa = PBXGroup;
			children = (
				78A4487A1DD724840006C95E /* Camera.h */,
				78A4487B1DD724840006C95E /* GL.h */,
				78A4487C1DD724840006C95E /* mat4.h */,
				78A4487D1DD724840006C95E /* Overall.h */,
				78A4487E1DD724840006C95E /* ShaderProgram.h */,
				78A4487F1DD724840006C95E /* Texture.h */,
				78A448801DD724840006C95E /* Utility.h */,
				78A448811DD724840006C95E /* uvec3.h */,
				78A448821DD724840006C95E /* vec2.h */,
				78A448831DD724840006C95E /* vec3.h */,
				78A448841DD724840006C95E /* vec4.h */,
			);
			name = Headers;
			path = Mashgraph_Task3_OpenGL/Utility/include;
			sourceTree = SOURCE_ROOT;
		};
		78F04C761DD641F40059C321 = {
			isa = PBXGroup;
			children = (
				78A785401DE714F800156D8D /* stb_image-1.16.c */,
				78A7853E1DE714F300156D8D /* stb_image-1.09.c */,
				78A7853C1DE7135500156D8D /* test_SOIL.cpp */,
				78A7853A1DE7135100156D8D /* stb_image_aug.c */,
				78A785381DE7134D00156D8D /* image_helper.c */,
				78A785361DE7134900156D8D /* image_DXT.c */,
				78A785341DE7130300156D8D /* SOIL.c */,
				78A785321DE712FF00156D8D /* image_helper.c */,
				78A785301DE712FA00156D8D /* image_DXT.c */,
				7873843E1DD7D77200ACCA73 /* shaders */,
				78A7852D1DE711E400156D8D /* Simple_OpenGL_Image_Library */,
				78A448791DD724600006C95E /* Headers */,
				78F04C811DD641F40059C321 /* Mashgraph_Task3_OpenGL */,
				78F04C801DD641F40059C321 /* Products */,
				78F04C9F1DD644710059C321 /* Frameworks */,
			);
			sourceTree = "<group>";
		};
		78F04C801DD641F40059C321 /* Products */ = {
			isa = PBXGroup;
			children = (
				78F04C7F1DD641F40059C321 /* Mashgraph_Task3_OpenGL */,
			);
			name = Products;
			sourceTree = "<group>";
		};
		78F04C811DD641F40059C321 /* Mashgraph_Task3_OpenGL */ = {
			isa = PBXGroup;
			children = (
				78F04C891DD642200059C321 /* Camera.cpp */,
				78F04C8A1DD642200059C321 /* GL.cpp */,
				78F04C8B1DD642200059C321 /* main.cpp */,
				78F04C8C1DD642200059C321 /* mat4.cpp */,
				78F04C8D1DD642200059C321 /* Overall.cpp */,
				78F04C8E1DD642200059C321 /* ShaderProgram.cpp */,
				78F04C8F1DD642200059C321 /* Texture.cpp */,
				78F04C901DD642200059C321 /* uvec3.cpp */,
				78F04C911DD642200059C321 /* vec2.cpp */,
				78F04C921DD642200059C321 /* vec3.cpp */,
				78F04C931DD642200059C321 /* vec4.cpp */,
			);
			name = Mashgraph_Task3_OpenGL;
			path = Mashgraph_Task3_OpenGL/Utility/src;
			sourceTree = "<group>";
		};
		78F04C9F1DD644710059C321 /* Frameworks */ = {
			isa = PBXGroup;
			children = (
				78A3CE481DE837AC00DB5630 /* libassimp.dylib */,
				78F04CA21DD644790059C321 /* OpenGL.framework */,
				78F04CA01DD644720059C321 /* GLUT.framework */,
			);
			name = Frameworks;
			sourceTree = "<group>";
		};
/* End PBXGroup section */

/* Begin PBXNativeTarget section */
		78F04C7E1DD641F40059C321 /* Mashgraph_Task3_OpenGL */ = {
			isa = PBXNativeTarget;
			buildConfigurationList = 78F04C861DD641F40059C321 /* Build configuration list for PBXNativeTarget "Mashgraph_Task3_OpenGL" */;
			buildPhases = (
				78F04C7B1DD641F40059C321 /* Sources */,
				78F04C7C1DD641F40059C321 /* Frameworks */,
				78F04C7D1DD641F40059C321 /* CopyFiles */,
			);
			buildRules = (
			);
			dependencies = (
			);
			name = Mashgraph_Task3_OpenGL;
			productName = Mashgraph_Task3_OpenGL;
			productReference = 78F04C7F1DD641F40059C321 /* Mashgraph_Task3_OpenGL */;
			productType = "com.apple.product-type.tool";
		};
/* End PBXNativeTarget section */

/* Begin PBXProject section */
		78F04C771DD641F40059C321 /* Project object */ = {
			isa = PBXProject;
			attributes = {
				LastUpgradeCheck = 0810;
				ORGANIZATIONNAME = "Игорь Анфёров";
				TargetAttributes = {
					78F04C7E1DD641F40059C321 = {
						CreatedOnToolsVersion = 8.1;
						ProvisioningStyle = Automatic;
					};
				};
			};
			buildConfigurationList = 78F04C7A1DD641F40059C321 /* Build configuration list for PBXProject "Mashgraph_Task3_OpenGL" */;
			compatibilityVersion = "Xcode 3.2";
			developmentRegion = English;
			hasScannedForEncodings = 0;
			knownRegions = (
				en,
			);
			mainGroup = 78F04C761DD641F40059C321;
			productRefGroup = 78F04C801DD641F40059C321 /* Products */;
			projectDirPath = "";
			projectRoot = "";
			targets = (
				78F04C7E1DD641F40059C321 /* Mashgraph_Task3_OpenGL */,
			);
		};
/* End PBXProject section */

/* Begin PBXSourcesBuildPhase section */
		78F04C7B1DD641F40059C321 /* Sources */ = {
			isa = PBXSourcesBuildPhase;
			buildActionMask = 2147483647;
			files = (
				78F04C9B1DD642200059C321 /* uvec3.cpp in Sources */,
				78F04C981DD642200059C321 /* Overall.cpp in Sources */,
				78F04C9C1DD642200059C321 /* vec2.cpp in Sources */,
				78F04C9A1DD642200059C321 /* Texture.cpp in Sources */,
				78F04C951DD642200059C321 /* GL.cpp in Sources */,
				78F04C9E1DD642200059C321 /* vec4.cpp in Sources */,
				78F04C941DD642200059C321 /* Camera.cpp in Sources */,
				78F04C991DD642200059C321 /* ShaderProgram.cpp in Sources */,
				78F04C961DD642200059C321 /* main.cpp in Sources */,
				78F04C9D1DD642200059C321 /* vec3.cpp in Sources */,
				78F04C971DD642200059C321 /* mat4.cpp in Sources */,
				78A785351DE7130300156D8D /* SOIL.c in Sources */,
				78A785371DE7134900156D8D /* image_DXT.c in Sources */,
				78A785391DE7134D00156D8D /* image_helper.c in Sources */,
				78A7853B1DE7135100156D8D /* stb_image_aug.c in Sources */,
			);
			runOnlyForDeploymentPostprocessing = 0;
		};
/* End PBXSourcesBuildPhase section */

/* Begin XCBuildConfiguration section */
		78F04C841DD641F40059C321 /* Debug */ = {
			isa = XCBuildConfiguration;
			buildSettings = {
				ALWAYS_SEARCH_USER_PATHS = NO;
				CLANG_ANALYZER_NONNULL = YES;
				CLANG_CXX_LANGUAGE_STANDARD = "gnu++0x";
				CLANG_CXX_LIBRARY = "libc++";
				CLANG_ENABLE_MODULES = YES;
				CLANG_ENABLE_OBJC_ARC = YES;
				CLANG_WARN_BOOL_CONVERSION = YES;
				CLANG_WARN_CONSTANT_CONVERSION = YES;
				CLANG_WARN_DIRECT_OBJC_ISA_USAGE = YES_ERROR;
				CLANG_WARN_DOCUMENTATION_COMMENTS = YES;
				CLANG_WARN_EMPTY_BODY = YES;
				CLANG_WARN_ENUM_CONVERSION = YES;
				CLANG_WARN_INFINITE_RECURSION = YES;
				CLANG_WARN_INT_CONVERSION = YES;
				CLANG_WARN_OBJC_ROOT_CLASS = YES_ERROR;
				CLANG_WARN_SUSPICIOUS_MOVES = YES;
				CLANG_WARN_UNREACHABLE_CODE = YES;
				CLANG_WARN__DUPLICATE_METHOD_MATCH = YES;
				CODE_SIGN_IDENTITY = "-";
				COPY_PHASE_STRIP = NO;
				DEBUG_INFORMATION_FORMAT = dwarf;
				ENABLE_STRICT_OBJC_MSGSEND = YES;
				ENABLE_TESTABILITY = YES;
				GCC_C_LANGUAGE_STANDARD = gnu99;
				GCC_DYNAMIC_NO_PIC = NO;
				GCC_NO_COMMON_BLOCKS = YES;
				GCC_OPTIMIZATION_LEVEL = 0;
				GCC_PREPROCESSOR_DEFINITIONS = (
					"DEBUG=1",
					"$(inherited)",
				);
				GCC_WARN_64_TO_32_BIT_CONVERSION = YES;
				GCC_WARN_ABOUT_RETURN_TYPE = YES_ERROR;
				GCC_WARN_UNDECLARED_SELECTOR = YES;
				GCC_WARN_UNINITIALIZED_AUTOS = YES_AGGRESSIVE;
				GCC_WARN_UNUSED_FUNCTION = YES;
				GCC_WARN_UNUSED_VARIABLE = YES;
				MACOSX_DEPLOYMENT_TARGET = 10.12;
				MTL_ENABLE_DEBUG_INFO = YES;
				ONLY_ACTIVE_ARCH = YES;
				SDKROOT = macosx;
			};
			name = Debug;
		};
		78F04C851DD641F40059C321 /* Release */ = {
			isa = XCBuildConfiguration;
			buildSettings = {
				ALWAYS_SEARCH_USER_PATHS = NO;
				CLANG_ANALYZER_NONNULL = YES;
				CLANG_CXX_LANGUAGE_STANDARD = "gnu++0x";
				CLANG_CXX_LIBRARY = "libc++";
				CLANG_ENABLE_MODULES = YES;
				CLANG_ENABLE_OBJC_ARC = YES;
				CLANG_WARN_BOOL_CONVERSION = YES;
				CLANG_WARN_CONSTANT_CONVERSION = YES;
				CLANG_WARN_DIRECT_OBJC_ISA_USAGE = YES_ERROR;
				CLANG_WARN_DOCUMENTATION_COMMENTS = YES;
				CLANG_WARN_EMPTY_BODY = YES;
				CLANG_WARN_ENUM_CONVERSION = YES;
				CLANG_WARN_INFINITE_RECURSION = YES;
				CLANG_WARN_INT_CONVERSION = YES;
				CLANG_WARN_OBJC_ROOT_CLASS = YES_ERROR;
				CLANG_WARN_SUSPICIOUS_MOVES = YES;
				CLANG_WARN_UNREACHABLE_CODE = YES;
				CLANG_WARN__DUPLICATE_METHOD_MATCH = YES;
				CODE_SIGN_IDENTITY = "-";
				COPY_PHASE_STRIP = NO;
				DEBUG_INFORMATION_FORMAT = "dwarf-with-dsym";
				ENABLE_NS_ASSERTIONS = NO;
				ENABLE_STRICT_OBJC_MSGSEND = YES;
				GCC_C_LANGUAGE_STANDARD = gnu99;
				GCC_NO_COMMON_BLOCKS = YES;
				GCC_WARN_64_TO_32_BIT_CONVERSION = YES;
				GCC_WARN_ABOUT_RETURN_TYPE = YES_ERROR;
				GCC_WARN_UNDECLARED_SELECTOR = YES;
				GCC_WARN_UNINITIALIZED_AUTOS = YES_AGGRESSIVE;
				GCC_WARN_UNUSED_FUNCTION = YES;
				GCC_WARN_UNUSED_VARIABLE = YES;
				MACOSX_DEPLOYMENT_TARGET = 10.12;
				MTL_ENABLE_DEBUG_INFO = NO;
				SDKROOT = macosx;
			};
			name = Release;
		};
		78F04C871DD641F40059C321 /* Debug */ = {
			isa = XCBuildConfiguration;
			buildSettings = {
				HEADER_SEARCH_PATHS = (
					"$(PROJECT_DIR)/Mashgraph_Task3_OpenGL/Simple_OpenGL_Image_Library/src",
					"$(PROJECT_DIR)/Mashgraph_Task3_OpenGL/assimp-3.3.1/include",
				);
				LIBRARY_SEARCH_PATHS = (
					"$(inherited)",
					"$(PROJECT_DIR)/Mashgraph_Task3_OpenGL/Simple_OpenGL_Image_Library/lib",
					"$(PROJECT_DIR)/Mashgraph_Task3_OpenGL/assimp-3.3.1/lib",
				);
				OTHER_CPLUSPLUSFLAGS = (
					"-openmp",
					"$(OTHER_CFLAGS)",
				);
				PRODUCT_NAME = "$(TARGET_NAME)";
				SYMROOT = build;
			};
			name = Debug;
		};
		78F04C881DD641F40059C321 /* Release */ = {
			isa = XCBuildConfiguration;
			buildSettings = {
				HEADER_SEARCH_PATHS = (
					"$(PROJECT_DIR)/Mashgraph_Task3_OpenGL/Simple_OpenGL_Image_Library/src",
					"$(PROJECT_DIR)/Mashgraph_Task3_OpenGL/assimp-3.3.1/include",
				);
				LIBRARY_SEARCH_PATHS = (
					"$(inherited)",
					"$(PROJECT_DIR)/Mashgraph_Task3_OpenGL/Simple_OpenGL_Image_Library/lib",
					"$(PROJECT_DIR)/Mashgraph_Task3_OpenGL/assimp-3.3.1/lib",
				);
				OTHER_CPLUSPLUSFLAGS = (
					"-openmp",
					"$(OTHER_CFLAGS)",
				);
				PRODUCT_NAME = "$(TARGET_NAME)";
				SYMROOT = build;
			};
			name = Release;
		};
/* End XCBuildConfiguration section */

/* Begin XCConfigurationList section */
		78F04C7A1DD641F40059C321 /* Build configuration list for PBXProject "Mashgraph_Task3_OpenGL" */ = {
			isa = XCConfigurationList;
			buildConfigurations = (
				78F04C841DD641F40059C321 /* Debug */,
				78F04C851DD641F40059C321 /* Release */,
			);
			defaultConfigurationIsVisible = 0;
			defaultConfigurationName = Release;
		};
		78F04C861DD641F40059C321 /* Build configuration list for PBXNativeTarget "Mashgraph_Task3_OpenGL" */ = {
			isa = XCConfigurationList;
			buildConfigurations = (
				78F04C871DD641F40059C321 /* Debug */,
				78F04C881DD641F40059C321 /* Release */,
			);
			defaultConfigurationIsVisible = 0;
			defaultConfigurationName = Release;
		};
/* End XCConfigurationList section */
	};
	rootObject = 78F04C771DD641F40059C321 /* Project object */;
}
